// !$*UTF8*$!
{
	archiveVersion = 1;
	classes = {
	};
	objectVersion = 56;
	objects = {

/* Begin PBXBuildFile section */
		8FFE83AD2B7A9AB600888ADA /* AppDelegate.swift in Sources */ = {isa = PBXBuildFile; fileRef = 8FFE83AC2B7A9AB600888ADA /* AppDelegate.swift */; };
		8FFE83AF2B7A9AB600888ADA /* SceneDelegate.swift in Sources */ = {isa = PBXBuildFile; fileRef = 8FFE83AE2B7A9AB600888ADA /* SceneDelegate.swift */; };
		8FFE83B12B7A9AB600888ADA /* ViewController.swift in Sources */ = {isa = PBXBuildFile; fileRef = 8FFE83B02B7A9AB600888ADA /* ViewController.swift */; };
		8FFE83B42B7A9AB600888ADA /* Main.storyboard in Resources */ = {isa = PBXBuildFile; fileRef = 8FFE83B22B7A9AB600888ADA /* Main.storyboard */; };
		8FFE83B62B7A9AB900888ADA /* Assets.xcassets in Resources */ = {isa = PBXBuildFile; fileRef = 8FFE83B52B7A9AB900888ADA /* Assets.xcassets */; };
		8FFE83B92B7A9AB900888ADA /* LaunchScreen.storyboard in Resources */ = {isa = PBXBuildFile; fileRef = 8FFE83B72B7A9AB900888ADA /* LaunchScreen.storyboard */; };
		8FFE83C42B7A9AB900888ADA /* mySecondAppTests.swift in Sources */ = {isa = PBXBuildFile; fileRef = 8FFE83C32B7A9AB900888ADA /* mySecondAppTests.swift */; };
		8FFE83CE2B7A9AB900888ADA /* mySecondAppUITests.swift in Sources */ = {isa = PBXBuildFile; fileRef = 8FFE83CD2B7A9AB900888ADA /* mySecondAppUITests.swift */; };
		8FFE83D02B7A9AB900888ADA /* mySecondAppUITestsLaunchTests.swift in Sources */ = {isa = PBXBuildFile; fileRef = 8FFE83CF2B7A9AB900888ADA /* mySecondAppUITestsLaunchTests.swift */; };
/* End PBXBuildFile section */

/* Begin PBXContainerItemProxy section */
		8FFE83C02B7A9AB900888ADA /* PBXContainerItemProxy */ = {
			isa = PBXContainerItemProxy;
			containerPortal = 8FFE83A12B7A9AB600888ADA /* Project object */;
			proxyType = 1;
			remoteGlobalIDString = 8FFE83A82B7A9AB600888ADA;
			remoteInfo = mySecondApp;
		};
		8FFE83CA2B7A9AB900888ADA /* PBXContainerItemProxy */ = {
			isa = PBXContainerItemProxy;
			containerPortal = 8FFE83A12B7A9AB600888ADA /* Project object */;
			proxyType = 1;
			remoteGlobalIDString = 8FFE83A82B7A9AB600888ADA;
			remoteInfo = mySecondApp;
		};
/* End PBXContainerItemProxy section */

/* Begin PBXFileReference section */
		8FFE83A92B7A9AB600888ADA /* mySecondApp.app */ = {isa = PBXFileReference; explicitFileType = wrapper.application; includeInIndex = 0; path = mySecondApp.app; sourceTree = BUILT_PRODUCTS_DIR; };
		8FFE83AC2B7A9AB600888ADA /* AppDelegate.swift */ = {isa = PBXFileReference; lastKnownFileType = sourcecode.swift; path = AppDelegate.swift; sourceTree = "<group>"; };
		8FFE83AE2B7A9AB600888ADA /* SceneDelegate.swift */ = {isa = PBXFileReference; lastKnownFileType = sourcecode.swift; path = SceneDelegate.swift; sourceTree = "<group>"; };
		8FFE83B02B7A9AB600888ADA /* ViewController.swift */ = {isa = PBXFileReference; lastKnownFileType = sourcecode.swift; path = ViewController.swift; sourceTree = "<group>"; };
		8FFE83B32B7A9AB600888ADA /* Base */ = {isa = PBXFileReference; lastKnownFileType = file.storyboard; name = Base; path = Base.lproj/Main.storyboard; sourceTree = "<group>"; };
		8FFE83B52B7A9AB900888ADA /* Assets.xcassets */ = {isa = PBXFileReference; lastKnownFileType = folder.assetcatalog; path = Assets.xcassets; sourceTree = "<group>"; };
		8FFE83B82B7A9AB900888ADA /* Base */ = {isa = PBXFileReference; lastKnownFileType = file.storyboard; name = Base; path = Base.lproj/LaunchScreen.storyboard; sourceTree = "<group>"; };
		8FFE83BA2B7A9AB900888ADA /* Info.plist */ = {isa = PBXFileReference; lastKnownFileType = text.plist.xml; path = Info.plist; sourceTree = "<group>"; };
		8FFE83BF2B7A9AB900888ADA /* mySecondAppTests.xctest */ = {isa = PBXFileReference; explicitFileType = wrapper.cfbundle; includeInIndex = 0; path = mySecondAppTests.xctest; sourceTree = BUILT_PRODUCTS_DIR; };
		8FFE83C32B7A9AB900888ADA /* mySecondAppTests.swift */ = {isa = PBXFileReference; lastKnownFileType = sourcecode.swift; path = mySecondAppTests.swift; sourceTree = "<group>"; };
		8FFE83C92B7A9AB900888ADA /* mySecondAppUITests.xctest */ = {isa = PBXFileReference; explicitFileType = wrapper.cfbundle; includeInIndex = 0; path = mySecondAppUITests.xctest; sourceTree = BUILT_PRODUCTS_DIR; };
		8FFE83CD2B7A9AB900888ADA /* mySecondAppUITests.swift */ = {isa = PBXFileReference; lastKnownFileType = sourcecode.swift; path = mySecondAppUITests.swift; sourceTree = "<group>"; };
		8FFE83CF2B7A9AB900888ADA /* mySecondAppUITestsLaunchTests.swift */ = {isa = PBXFileReference; lastKnownFileType = sourcecode.swift; path = mySecondAppUITestsLaunchTests.swift; sourceTree = "<group>"; };
/* End PBXFileReference section */

/* Begin PBXFrameworksBuildPhase section */
		8FFE83A62B7A9AB600888ADA /* Frameworks */ = {
			isa = PBXFrameworksBuildPhase;
			buildActionMask = 2147483647;
			files = (
			);
			runOnlyForDeploymentPostprocessing = 0;
		};
		8FFE83BC2B7A9AB900888ADA /* Frameworks */ = {
			isa = PBXFrameworksBuildPhase;
			buildActionMask = 2147483647;
			files = (
			);
			runOnlyForDeploymentPostprocessing = 0;
		};
		8FFE83C62B7A9AB900888ADA /* Frameworks */ = {
			isa = PBXFrameworksBuildPhase;
			buildActionMask = 2147483647;
			files = (
			);
			runOnlyForDeploymentPostprocessing = 0;
		};
/* End PBXFrameworksBuildPhase section */

/* Begin PBXGroup section */
		8FFE83A02B7A9AB600888ADA = {
			isa = PBXGroup;
			children = (
				8FFE83AB2B7A9AB600888ADA /* mySecondApp */,
				8FFE83C22B7A9AB900888ADA /* mySecondAppTests */,
				8FFE83CC2B7A9AB900888ADA /* mySecondAppUITests */,
				8FFE83AA2B7A9AB600888ADA /* Products */,
			);
			sourceTree = "<group>";
		};
		8FFE83AA2B7A9AB600888ADA /* Products */ = {
			isa = PBXGroup;
			children = (
				8FFE83A92B7A9AB600888ADA /* mySecondApp.app */,
				8FFE83BF2B7A9AB900888ADA /* mySecondAppTests.xctest */,
				8FFE83C92B7A9AB900888ADA /* mySecondAppUITests.xctest */,
			);
			name = Products;
			sourceTree = "<group>";
		};
		8FFE83AB2B7A9AB600888ADA /* mySecondApp */ = {
			isa = PBXGroup;
			children = (
				8FFE83AC2B7A9AB600888ADA /* AppDelegate.swift */,
				8FFE83AE2B7A9AB600888ADA /* SceneDelegate.swift */,
				8FFE83B02B7A9AB600888ADA /* ViewController.swift */,
				8FFE83B22B7A9AB600888ADA /* Main.storyboard */,
				8FFE83B52B7A9AB900888ADA /* Assets.xcassets */,
				8FFE83B72B7A9AB900888ADA /* LaunchScreen.storyboard */,
				8FFE83BA2B7A9AB900888ADA /* Info.plist */,
			);
			path = mySecondApp;
			sourceTree = "<group>";
		};
		8FFE83C22B7A9AB900888ADA /* mySecondAppTests */ = {
			isa = PBXGroup;
			children = (
				8FFE83C32B7A9AB900888ADA /* mySecondAppTests.swift */,
			);
			path = mySecondAppTests;
			sourceTree = "<group>";
		};
		8FFE83CC2B7A9AB900888ADA /* mySecondAppUITests */ = {
			isa = PBXGroup;
			children = (
				8FFE83CD2B7A9AB900888ADA /* mySecondAppUITests.swift */,
				8FFE83CF2B7A9AB900888ADA /* mySecondAppUITestsLaunchTests.swift */,
			);
			path = mySecondAppUITests;
			sourceTree = "<group>";
		};
/* End PBXGroup section */

/* Begin PBXNativeTarget section */
		8FFE83A82B7A9AB600888ADA /* mySecondApp */ = {
			isa = PBXNativeTarget;
			buildConfigurationList = 8FFE83D32B7A9AB900888ADA /* Build configuration list for PBXNativeTarget "mySecondApp" */;
			buildPhases = (
				8FFE83A52B7A9AB600888ADA /* Sources */,
				8FFE83A62B7A9AB600888ADA /* Frameworks */,
				8FFE83A72B7A9AB600888ADA /* Resources */,
			);
			buildRules = (
			);
			dependencies = (
			);
			name = mySecondApp;
			productName = mySecondApp;
			productReference = 8FFE83A92B7A9AB600888ADA /* mySecondApp.app */;
			productType = "com.apple.product-type.application";
		};
		8FFE83BE2B7A9AB900888ADA /* mySecondAppTests */ = {
			isa = PBXNativeTarget;
			buildConfigurationList = 8FFE83D62B7A9AB900888ADA /* Build configuration list for PBXNativeTarget "mySecondAppTests" */;
			buildPhases = (
				8FFE83BB2B7A9AB900888ADA /* Sources */,
				8FFE83BC2B7A9AB900888ADA /* Frameworks */,
				8FFE83BD2B7A9AB900888ADA /* Resources */,
			);
			buildRules = (
			);
			dependencies = (
				8FFE83C12B7A9AB900888ADA /* PBXTargetDependency */,
			);
			name = mySecondAppTests;
			productName = mySecondAppTests;
			productReference = 8FFE83BF2B7A9AB900888ADA /* mySecondAppTests.xctest */;
			productType = "com.apple.product-type.bundle.unit-test";
		};
		8FFE83C82B7A9AB900888ADA /* mySecondAppUITests */ = {
			isa = PBXNativeTarget;
			buildConfigurationList = 8FFE83D92B7A9AB900888ADA /* Build configuration list for PBXNativeTarget "mySecondAppUITests" */;
			buildPhases = (
				8FFE83C52B7A9AB900888ADA /* Sources */,
				8FFE83C62B7A9AB900888ADA /* Frameworks */,
				8FFE83C72B7A9AB900888ADA /* Resources */,
			);
			buildRules = (
			);
			dependencies = (
				8FFE83CB2B7A9AB900888ADA /* PBXTargetDependency */,
			);
			name = mySecondAppUITests;
			productName = mySecondAppUITests;
			productReference = 8FFE83C92B7A9AB900888ADA /* mySecondAppUITests.xctest */;
			productType = "com.apple.product-type.bundle.ui-testing";
		};
/* End PBXNativeTarget section */

/* Begin PBXProject section */
		8FFE83A12B7A9AB600888ADA /* Project object */ = {
			isa = PBXProject;
			attributes = {
				BuildIndependentTargetsInParallel = 1;
				LastSwiftUpdateCheck = 1520;
				LastUpgradeCheck = 1520;
				TargetAttributes = {
					8FFE83A82B7A9AB600888ADA = {
						CreatedOnToolsVersion = 15.2;
					};
					8FFE83BE2B7A9AB900888ADA = {
						CreatedOnToolsVersion = 15.2;
						TestTargetID = 8FFE83A82B7A9AB600888ADA;
					};
					8FFE83C82B7A9AB900888ADA = {
						CreatedOnToolsVersion = 15.2;
						TestTargetID = 8FFE83A82B7A9AB600888ADA;
					};
				};
			};
			buildConfigurationList = 8FFE83A42B7A9AB600888ADA /* Build configuration list for PBXProject "mySecondApp" */;
			compatibilityVersion = "Xcode 14.0";
			developmentRegion = en;
			hasScannedForEncodings = 0;
			knownRegions = (
				en,
				Base,
			);
			mainGroup = 8FFE83A02B7A9AB600888ADA;
			productRefGroup = 8FFE83AA2B7A9AB600888ADA /* Products */;
			projectDirPath = "";
			projectRoot = "";
			targets = (
				8FFE83A82B7A9AB600888ADA /* mySecondApp */,
				8FFE83BE2B7A9AB900888ADA /* mySecondAppTests */,
				8FFE83C82B7A9AB900888ADA /* mySecondAppUITests */,
			);
		};
/* End PBXProject section */

/* Begin PBXResourcesBuildPhase section */
		8FFE83A72B7A9AB600888ADA /* Resources */ = {
			isa = PBXResourcesBuildPhase;
			buildActionMask = 2147483647;
			files = (
				8FFE83B92B7A9AB900888ADA /* LaunchScreen.storyboard in Resources */,
				8FFE83B62B7A9AB900888ADA /* Assets.xcassets in Resources */,
				8FFE83B42B7A9AB600888ADA /* Main.storyboard in Resources */,
			);
			runOnlyForDeploymentPostprocessing = 0;
		};
		8FFE83BD2B7A9AB900888ADA /* Resources */ = {
			isa = PBXResourcesBuildPhase;
			buildActionMask = 2147483647;
			files = (
			);
			runOnlyForDeploymentPostprocessing = 0;
		};
		8FFE83C72B7A9AB900888ADA /* Resources */ = {
			isa = PBXResourcesBuildPhase;
			buildActionMask = 2147483647;
			files = (
			);
			runOnlyForDeploymentPostprocessing = 0;
		};
/* End PBXResourcesBuildPhase section */

/* Begin PBXSourcesBuildPhase section */
		8FFE83A52B7A9AB600888ADA /* Sources */ = {
			isa = PBXSourcesBuildPhase;
			buildActionMask = 2147483647;
			files = (
				8FFE83B12B7A9AB600888ADA /* ViewController.swift in Sources */,
				8FFE83AD2B7A9AB600888ADA /* AppDelegate.swift in Sources */,
				8FFE83AF2B7A9AB600888ADA /* SceneDelegate.swift in Sources */,
			);
			runOnlyForDeploymentPostprocessing = 0;
		};
		8FFE83BB2B7A9AB900888ADA /* Sources */ = {
			isa = PBXSourcesBuildPhase;
			buildActionMask = 2147483647;
			files = (
				8FFE83C42B7A9AB900888ADA /* mySecondAppTests.swift in Sources */,
			);
			runOnlyForDeploymentPostprocessing = 0;
		};
		8FFE83C52B7A9AB900888ADA /* Sources */ = {
			isa = PBXSourcesBuildPhase;
			buildActionMask = 2147483647;
			files = (
				8FFE83D02B7A9AB900888ADA /* mySecondAppUITestsLaunchTests.swift in Sources */,
				8FFE83CE2B7A9AB900888ADA /* mySecondAppUITests.swift in Sources */,
			);
			runOnlyForDeploymentPostprocessing = 0;
		};
/* End PBXSourcesBuildPhase section */

/* Begin PBXTargetDependency section */
		8FFE83C12B7A9AB900888ADA /* PBXTargetDependency */ = {
			isa = PBXTargetDependency;
			target = 8FFE83A82B7A9AB600888ADA /* mySecondApp */;
			targetProxy = 8FFE83C02B7A9AB900888ADA /* PBXContainerItemProxy */;
		};
		8FFE83CB2B7A9AB900888ADA /* PBXTargetDependency */ = {
			isa = PBXTargetDependency;
			target = 8FFE83A82B7A9AB600888ADA /* mySecondApp */;
			targetProxy = 8FFE83CA2B7A9AB900888ADA /* PBXContainerItemProxy */;
		};
/* End PBXTargetDependency section */

/* Begin PBXVariantGroup section */
		8FFE83B22B7A9AB600888ADA /* Main.storyboard */ = {
			isa = PBXVariantGroup;
			children = (
				8FFE83B32B7A9AB600888ADA /* Base */,
			);
			name = Main.storyboard;
			sourceTree = "<group>";
		};
		8FFE83B72B7A9AB900888ADA /* LaunchScreen.storyboard */ = {
			isa = PBXVariantGroup;
			children = (
				8FFE83B82B7A9AB900888ADA /* Base */,
			);
			name = LaunchScreen.storyboard;
			sourceTree = "<group>";
		};
/* End PBXVariantGroup section */

/* Begin XCBuildConfiguration section */
		8FFE83D12B7A9AB900888ADA /* Debug */ = {
			isa = XCBuildConfiguration;
			buildSettings = {
				ALWAYS_SEARCH_USER_PATHS = NO;
				ASSETCATALOG_COMPILER_GENERATE_SWIFT_ASSET_SYMBOL_EXTENSIONS = YES;
				CLANG_ANALYZER_NONNULL = YES;
				CLANG_ANALYZER_NUMBER_OBJECT_CONVERSION = YES_AGGRESSIVE;
				CLANG_CXX_LANGUAGE_STANDARD = "gnu++20";
				CLANG_ENABLE_MODULES = YES;
				CLANG_ENABLE_OBJC_ARC = YES;
				CLANG_ENABLE_OBJC_WEAK = YES;
				CLANG_WARN_BLOCK_CAPTURE_AUTORELEASING = YES;
				CLANG_WARN_BOOL_CONVERSION = YES;
				CLANG_WARN_COMMA = YES;
				CLANG_WARN_CONSTANT_CONVERSION = YES;
				CLANG_WARN_DEPRECATED_OBJC_IMPLEMENTATIONS = YES;
				CLANG_WARN_DIRECT_OBJC_ISA_USAGE = YES_ERROR;
				CLANG_WARN_DOCUMENTATION_COMMENTS = YES;
				CLANG_WARN_EMPTY_BODY = YES;
				CLANG_WARN_ENUM_CONVERSION = YES;
				CLANG_WARN_INFINITE_RECURSION = YES;
				CLANG_WARN_INT_CONVERSION = YES;
				CLANG_WARN_NON_LITERAL_NULL_CONVERSION = YES;
				CLANG_WARN_OBJC_IMPLICIT_RETAIN_SELF = YES;
				CLANG_WARN_OBJC_LITERAL_CONVERSION = YES;
				CLANG_WARN_OBJC_ROOT_CLASS = YES_ERROR;
				CLANG_WARN_QUOTED_INCLUDE_IN_FRAMEWORK_HEADER = YES;
				CLANG_WARN_RANGE_LOOP_ANALYSIS = YES;
				CLANG_WARN_STRICT_PROTOTYPES = YES;
				CLANG_WARN_SUSPICIOUS_MOVE = YES;
				CLANG_WARN_UNGUARDED_AVAILABILITY = YES_AGGRESSIVE;
				CLANG_WARN_UNREACHABLE_CODE = YES;
				CLANG_WARN__DUPLICATE_METHOD_MATCH = YES;
				COPY_PHASE_STRIP = NO;
				DEBUG_INFORMATION_FORMAT = dwarf;
				ENABLE_STRICT_OBJC_MSGSEND = YES;
				ENABLE_TESTABILITY = YES;
				ENABLE_USER_SCRIPT_SANDBOXING = YES;
				GCC_C_LANGUAGE_STANDARD = gnu17;
				GCC_DYNAMIC_NO_PIC = NO;
				GCC_NO_COMMON_BLOCKS = YES;
				GCC_OPTIMIZATION_LEVEL = 0;
				GCC_PREPROCESSOR_DEFINITIONS = (
					"DEBUG=1",
					"$(inherited)",
				);
				GCC_WARN_64_TO_32_BIT_CONVERSION = YES;
				GCC_WARN_ABOUT_RETURN_TYPE = YES_ERROR;
				GCC_WARN_UNDECLARED_SELECTOR = YES;
				GCC_WARN_UNINITIALIZED_AUTOS = YES_AGGRESSIVE;
				GCC_WARN_UNUSED_FUNCTION = YES;
				GCC_WARN_UNUSED_VARIABLE = YES;
				IPHONEOS_DEPLOYMENT_TARGET = 17.2;
				LOCALIZATION_PREFERS_STRING_CATALOGS = YES;
				MTL_ENABLE_DEBUG_INFO = INCLUDE_SOURCE;
				MTL_FAST_MATH = YES;
				ONLY_ACTIVE_ARCH = YES;
				SDKROOT = iphoneos;
				SWIFT_ACTIVE_COMPILATION_CONDITIONS = "DEBUG $(inherited)";
				SWIFT_OPTIMIZATION_LEVEL = "-Onone";
			};
			name = Debug;
		};
		8FFE83D22B7A9AB900888ADA /* Release */ = {
			isa = XCBuildConfiguration;
			buildSettings = {
				ALWAYS_SEARCH_USER_PATHS = NO;
				ASSETCATALOG_COMPILER_GENERATE_SWIFT_ASSET_SYMBOL_EXTENSIONS = YES;
				CLANG_ANALYZER_NONNULL = YES;
				CLANG_ANALYZER_NUMBER_OBJECT_CONVERSION = YES_AGGRESSIVE;
				CLANG_CXX_LANGUAGE_STANDARD = "gnu++20";
				CLANG_ENABLE_MODULES = YES;
				CLANG_ENABLE_OBJC_ARC = YES;
				CLANG_ENABLE_OBJC_WEAK = YES;
				CLANG_WARN_BLOCK_CAPTURE_AUTORELEASING = YES;
				CLANG_WARN_BOOL_CONVERSION = YES;
				CLANG_WARN_COMMA = YES;
				CLANG_WARN_CONSTANT_CONVERSION = YES;
				CLANG_WARN_DEPRECATED_OBJC_IMPLEMENTATIONS = YES;
				CLANG_WARN_DIRECT_OBJC_ISA_USAGE = YES_ERROR;
				CLANG_WARN_DOCUMENTATION_COMMENTS = YES;
				CLANG_WARN_EMPTY_BODY = YES;
				CLANG_WARN_ENUM_CONVERSION = YES;
				CLANG_WARN_INFINITE_RECURSION = YES;
				CLANG_WARN_INT_CONVERSION = YES;
				CLANG_WARN_NON_LITERAL_NULL_CONVERSION = YES;
				CLANG_WARN_OBJC_IMPLICIT_RETAIN_SELF = YES;
				CLANG_WARN_OBJC_LITERAL_CONVERSION = YES;
				CLANG_WARN_OBJC_ROOT_CLASS = YES_ERROR;
				CLANG_WARN_QUOTED_INCLUDE_IN_FRAMEWORK_HEADER = YES;
				CLANG_WARN_RANGE_LOOP_ANALYSIS = YES;
				CLANG_WARN_STRICT_PROTOTYPES = YES;
				CLANG_WARN_SUSPICIOUS_MOVE = YES;
				CLANG_WARN_UNGUARDED_AVAILABILITY = YES_AGGRESSIVE;
				CLANG_WARN_UNREACHABLE_CODE = YES;
				CLANG_WARN__DUPLICATE_METHOD_MATCH = YES;
				COPY_PHASE_STRIP = NO;
				DEBUG_INFORMATION_FORMAT = "dwarf-with-dsym";
				ENABLE_NS_ASSERTIONS = NO;
				ENABLE_STRICT_OBJC_MSGSEND = YES;
				ENABLE_USER_SCRIPT_SANDBOXING = YES;
				GCC_C_LANGUAGE_STANDARD = gnu17;
				GCC_NO_COMMON_BLOCKS = YES;
				GCC_WARN_64_TO_32_BIT_CONVERSION = YES;
				GCC_WARN_ABOUT_RETURN_TYPE = YES_ERROR;
				GCC_WARN_UNDECLARED_SELECTOR = YES;
				GCC_WARN_UNINITIALIZED_AUTOS = YES_AGGRESSIVE;
				GCC_WARN_UNUSED_FUNCTION = YES;
				GCC_WARN_UNUSED_VARIABLE = YES;
				IPHONEOS_DEPLOYMENT_TARGET = 17.2;
				LOCALIZATION_PREFERS_STRING_CATALOGS = YES;
				MTL_ENABLE_DEBUG_INFO = NO;
				MTL_FAST_MATH = YES;
				SDKROOT = iphoneos;
				SWIFT_COMPILATION_MODE = wholemodule;
				VALIDATE_PRODUCT = YES;
			};
			name = Release;
		};
		8FFE83D42B7A9AB900888ADA /* Debug */ = {
			isa = XCBuildConfiguration;
			buildSettings = {
				ASSETCATALOG_COMPILER_APPICON_NAME = AppIcon;
				ASSETCATALOG_COMPILER_GLOBAL_ACCENT_COLOR_NAME = AccentColor;
				CODE_SIGN_STYLE = Automatic;
				CURRENT_PROJECT_VERSION = 1;
				DEVELOPMENT_TEAM = QF832KA9R8;
				GENERATE_INFOPLIST_FILE = YES;
				INFOPLIST_FILE = mySecondApp/Info.plist;
				INFOPLIST_KEY_UIApplicationSupportsIndirectInputEvents = YES;
				INFOPLIST_KEY_UILaunchStoryboardName = LaunchScreen;
				INFOPLIST_KEY_UIMainStoryboardFile = Main;
				INFOPLIST_KEY_UISupportedInterfaceOrientations_iPad = "UIInterfaceOrientationPortrait UIInterfaceOrientationPortraitUpsideDown UIInterfaceOrientationLandscapeLeft UIInterfaceOrientationLandscapeRight";
				INFOPLIST_KEY_UISupportedInterfaceOrientations_iPhone = "UIInterfaceOrientationPortrait UIInterfaceOrientationLandscapeLeft UIInterfaceOrientationLandscapeRight";
				LD_RUNPATH_SEARCH_PATHS = (
					"$(inherited)",
					"@executable_path/Frameworks",
				);
				MARKETING_VERSION = 1.0;
				PRODUCT_BUNDLE_IDENTIFIER = com.jonahwhitney.mySecondApp;
				PRODUCT_NAME = "$(TARGET_NAME)";
				SWIFT_EMIT_LOC_STRINGS = YES;
				SWIFT_VERSION = 5.0;
				TARGETED_DEVICE_FAMILY = "1,2";
			};
			name = Debug;
		};
		8FFE83D52B7A9AB900888ADA /* Release */ = {
			isa = XCBuildConfiguration;
			buildSettings = {
				ASSETCATALOG_COMPILER_APPICON_NAME = AppIcon;
				ASSETCATALOG_COMPILER_GLOBAL_ACCENT_COLOR_NAME = AccentColor;
				CODE_SIGN_STYLE = Automatic;
				CURRENT_PROJECT_VERSION = 1;
				DEVELOPMENT_TEAM = QF832KA9R8;
				GENERATE_INFOPLIST_FILE = YES;
				INFOPLIST_FILE = mySecondApp/Info.plist;
				INFOPLIST_KEY_UIApplicationSupportsIndirectInputEvents = YES;
				INFOPLIST_KEY_UILaunchStoryboardName = LaunchScreen;
				INFOPLIST_KEY_UIMainStoryboardFile = Main;
				INFOPLIST_KEY_UISupportedInterfaceOrientations_iPad = "UIInterfaceOrientationPortrait UIInterfaceOrientationPortraitUpsideDown UIInterfaceOrientationLandscapeLeft UIInterfaceOrientationLandscapeRight";
				INFOPLIST_KEY_UISupportedInterfaceOrientations_iPhone = "UIInterfaceOrientationPortrait UIInterfaceOrientationLandscapeLeft UIInterfaceOrientationLandscapeRight";
				LD_RUNPATH_SEARCH_PATHS = (
					"$(inherited)",
					"@executable_path/Frameworks",
				);
				MARKETING_VERSION = 1.0;
				PRODUCT_BUNDLE_IDENTIFIER = com.jonahwhitney.mySecondApp;
				PRODUCT_NAME = "$(TARGET_NAME)";
				SWIFT_EMIT_LOC_STRINGS = YES;
				SWIFT_VERSION = 5.0;
				TARGETED_DEVICE_FAMILY = "1,2";
			};
			name = Release;
		};
		8FFE83D72B7A9AB900888ADA /* Debug */ = {
			isa = XCBuildConfiguration;
			buildSettings = {
				ALWAYS_EMBED_SWIFT_STANDARD_LIBRARIES = YES;
				BUNDLE_LOADER = "$(TEST_HOST)";
				CODE_SIGN_STYLE = Automatic;
				CURRENT_PROJECT_VERSION = 1;
				DEVELOPMENT_TEAM = QF832KA9R8;
				GENERATE_INFOPLIST_FILE = YES;
				IPHONEOS_DEPLOYMENT_TARGET = 17.2;
				MARKETING_VERSION = 1.0;
				PRODUCT_BUNDLE_IDENTIFIER = com.jonahwhitney.mySecondAppTests;
				PRODUCT_NAME = "$(TARGET_NAME)";
				SWIFT_EMIT_LOC_STRINGS = NO;
				SWIFT_VERSION = 5.0;
				TARGETED_DEVICE_FAMILY = "1,2";
				TEST_HOST = "$(BUILT_PRODUCTS_DIR)/mySecondApp.app/$(BUNDLE_EXECUTABLE_FOLDER_PATH)/mySecondApp";
			};
			name = Debug;
		};
		8FFE83D82B7A9AB900888ADA /* Release */ = {
			isa = XCBuildConfiguration;
			buildSettings = {
				ALWAYS_EMBED_SWIFT_STANDARD_LIBRARIES = YES;
				BUNDLE_LOADER = "$(TEST_HOST)";
				CODE_SIGN_STYLE = Automatic;
				CURRENT_PROJECT_VERSION = 1;
				DEVELOPMENT_TEAM = QF832KA9R8;
				GENERATE_INFOPLIST_FILE = YES;
				IPHONEOS_DEPLOYMENT_TARGET = 17.2;
				MARKETING_VERSION = 1.0;
				PRODUCT_BUNDLE_IDENTIFIER = com.jonahwhitney.mySecondAppTests;
				PRODUCT_NAME = "$(TARGET_NAME)";
				SWIFT_EMIT_LOC_STRINGS = NO;
				SWIFT_VERSION = 5.0;
				TARGETED_DEVICE_FAMILY = "1,2";
				TEST_HOST = "$(BUILT_PRODUCTS_DIR)/mySecondApp.app/$(BUNDLE_EXECUTABLE_FOLDER_PATH)/mySecondApp";
			};
			name = Release;
		};
		8FFE83DA2B7A9AB900888ADA /* Debug */ = {
			isa = XCBuildConfiguration;
			buildSettings = {
				ALWAYS_EMBED_SWIFT_STANDARD_LIBRARIES = YES;
				CODE_SIGN_STYLE = Automatic;
				CURRENT_PROJECT_VERSION = 1;
				DEVELOPMENT_TEAM = QF832KA9R8;
				GENERATE_INFOPLIST_FILE = YES;
				MARKETING_VERSION = 1.0;
				PRODUCT_BUNDLE_IDENTIFIER = com.jonahwhitney.mySecondAppUITests;
				PRODUCT_NAME = "$(TARGET_NAME)";
				SWIFT_EMIT_LOC_STRINGS = NO;
				SWIFT_VERSION = 5.0;
				TARGETED_DEVICE_FAMILY = "1,2";
				TEST_TARGET_NAME = mySecondApp;
			};
			name = Debug;
		};
		8FFE83DB2B7A9AB900888ADA /* Release */ = {
			isa = XCBuildConfiguration;
			buildSettings = {
				ALWAYS_EMBED_SWIFT_STANDARD_LIBRARIES = YES;
				CODE_SIGN_STYLE = Automatic;
				CURRENT_PROJECT_VERSION = 1;
				DEVELOPMENT_TEAM = QF832KA9R8;
				GENERATE_INFOPLIST_FILE = YES;
				MARKETING_VERSION = 1.0;
				PRODUCT_BUNDLE_IDENTIFIER = com.jonahwhitney.mySecondAppUITests;
				PRODUCT_NAME = "$(TARGET_NAME)";
				SWIFT_EMIT_LOC_STRINGS = NO;
				SWIFT_VERSION = 5.0;
				TARGETED_DEVICE_FAMILY = "1,2";
				TEST_TARGET_NAME = mySecondApp;
			};
			name = Release;
		};
/* End XCBuildConfiguration section */

/* Begin XCConfigurationList section */
		8FFE83A42B7A9AB600888ADA /* Build configuration list for PBXProject "mySecondApp" */ = {
			isa = XCConfigurationList;
			buildConfigurations = (
				8FFE83D12B7A9AB900888ADA /* Debug */,
				8FFE83D22B7A9AB900888ADA /* Release */,
			);
			defaultConfigurationIsVisible = 0;
			defaultConfigurationName = Release;
		};
		8FFE83D32B7A9AB900888ADA /* Build configuration list for PBXNativeTarget "mySecondApp" */ = {
			isa = XCConfigurationList;
			buildConfigurations = (
				8FFE83D42B7A9AB900888ADA /* Debug */,
				8FFE83D52B7A9AB900888ADA /* Release */,
			);
			defaultConfigurationIsVisible = 0;
			defaultConfigurationName = Release;
		};
		8FFE83D62B7A9AB900888ADA /* Build configuration list for PBXNativeTarget "mySecondAppTests" */ = {
			isa = XCConfigurationList;
			buildConfigurations = (
				8FFE83D72B7A9AB900888ADA /* Debug */,
				8FFE83D82B7A9AB900888ADA /* Release */,
			);
			defaultConfigurationIsVisible = 0;
			defaultConfigurationName = Release;
		};
		8FFE83D92B7A9AB900888ADA /* Build configuration list for PBXNativeTarget "mySecondAppUITests" */ = {
			isa = XCConfigurationList;
			buildConfigurations = (
				8FFE83DA2B7A9AB900888ADA /* Debug */,
				8FFE83DB2B7A9AB900888ADA /* Release */,
			);
			defaultConfigurationIsVisible = 0;
			defaultConfigurationName = Release;
		};
/* End XCConfigurationList section */
	};
	rootObject = 8FFE83A12B7A9AB600888ADA /* Project object */;
}
